{
  "name": "lms-tutorial",
  "version": "0.1.0",
  "lockfileVersion": 3,
  "requires": true,
  "packages": {
    "": {
      "name": "lms-tutorial",
      "version": "0.1.0",
      "dependencies": {
        "@clerk/nextjs": "^6.9.14",
        "@hookform/resolvers": "^3.10.0",
        "@prisma/client": "^6.2.1",
        "@radix-ui/react-dialog": "^1.1.5",
        "@radix-ui/react-label": "^2.1.1",
        "@radix-ui/react-popover": "^1.1.5",
        "@radix-ui/react-slot": "^1.1.1",
        "@supabase/supabase-js": "^2.48.1",
        "@types/node": "22.10.5",
        "@types/react": "18.2.0",
        "@types/react-dom": "18.2.0",
        "@uploadthing/react": "^7.1.5",
        "autoprefixer": "10.4.20",
        "axios": "^1.7.9",
        "class-variance-authority": "^0.7.1",
        "clsx": "^2.1.1",
        "cmdk": "^1.0.0",
        "eslint": "8.49.0",
        "eslint-config-next": "13.4.12",
        "lucide-react": "^0.471.0",
        "next": "^13.4.12",
        "postcss": "8.4.49",
        "react": "^18.3.1",
        "react-dom": "^18.2.0",
        "react-dropzone": "^14.3.5",
        "react-hook-form": "^7.54.2",
        "react-hot-toast": "^2.5.1",
        "react-toastify": "^11.0.3",
        "shadcn-ui": "^0.9.4",
        "tailwind-merge": "^2.6.0",
        "tailwindcss": "3.4.17",
        "tailwindcss-animate": "^1.0.7",
        "typescript": "5.7.3",
        "uploadthing": "^7.4.4",
        "zod": "^3.24.1"
      },
      "devDependencies": {
        "@types/react-toastify": "^4.0.2",
        "prisma": "^6.2.1"
      }
    },
    "node_modules/@clerk/clerk-react": {
      "version": "5.22.2",
      "resolved": "https://registry.npmjs.org/@clerk/clerk-react/-/clerk-react-5.22.2.tgz",
      "integrity": "sha512-RcfK5KEZZYMRpXlu94etWCW9jiw+FzjHHq7r1apL4DF9uq3g+YxnM7jeFap3THnulb7un+Ninc0tZkmDLqrAlg==",
      "license": "MIT",
      "dependencies": {
        "@clerk/shared": "^2.20.10",
        "@clerk/types": "^4.41.1",
        "tslib": "2.4.1"
      },
      "engines": {
        "node": ">=18.17.0"
      },
      "peerDependencies": {
        "react": "^18.0.0 || ^19.0.0 || ^19.0.0-0",
        "react-dom": "^18.0.0 || ^19.0.0 || ^19.0.0-0"
      }
    },
    "node_modules/@clerk/nextjs": {
      "version": "6.9.14",
      "resolved": "https://registry.npmjs.org/@clerk/nextjs/-/nextjs-6.9.14.tgz",
      "integrity": "sha512-qZcknZKZbcJ6lx8Hlwbkv0CbTdUZAtQ9TNW/3F+7aQXcGO35TdfsaxpTNfpZMfDavOqopSPbOoOzlXKh4vMwjQ==",
      "license": "MIT",
      "dependencies": {
        "@clerk/backend": "^1.23.3",
        "@clerk/clerk-react": "^5.22.2",
        "@clerk/shared": "^2.20.10",
        "@clerk/types": "^4.41.1",
        "crypto-js": "4.2.0",
        "server-only": "0.0.1",
        "tslib": "2.4.1"
      },
      "engines": {
        "node": ">=18.17.0"
      },
      "peerDependencies": {
        "next": "^13.5.4 || ^14.0.3 || ^15.0.0",
        "react": "^18.0.0 || ^19.0.0 || ^19.0.0-0",
        "react-dom": "^18.0.0 || ^19.0.0 || ^19.0.0-0"
      }
    },
    "node_modules/@clerk/shared": {
      "version": "2.20.10",
      "resolved": "https://registry.npmjs.org/@clerk/shared/-/shared-2.20.10.tgz",
      "integrity": "sha512-ARBymzuHvDet9fE/X2DCXTbknSfsvjx/bV20yrCRnwE8CdVszOXO2mS0/B8HwDdVr48p6WZzzYyWIseyG/3NhA==",
      "hasInstallScript": true,
      "license": "MIT",
      "dependencies": {
        "@clerk/types": "^4.41.1",
        "dequal": "2.0.3",
        "glob-to-regexp": "0.4.1",
        "js-cookie": "3.0.5",
        "std-env": "^3.7.0",
        "swr": "^2.2.0"
      },
      "engines": {
        "node": ">=18.17.0"
      },
      "peerDependencies": {
        "react": "^18.0.0 || ^19.0.0 || ^19.0.0-0",
        "react-dom": "^18.0.0 || ^19.0.0 || ^19.0.0-0"
      },
      "peerDependenciesMeta": {
        "react": {
          "optional": true
        },
        "react-dom": {
          "optional": true
        }
      }
    },
    "node_modules/@clerk/types": {
      "version": "4.41.1",
      "resolved": "https://registry.npmjs.org/@clerk/types/-/types-4.41.1.tgz",
      "integrity": "sha512-Vz1jkHPUzJCVqR/Vmnjpab6hTsfV/Gt2y5W88Pv22xCyeFgmXwxqwu9dLyxMio32ekajRKI9S9hX5LxO0Vsx/Q==",
      "license": "MIT",
      "dependencies": {
        "csstype": "3.1.1"
      },
      "engines": {
        "node": ">=18.17.0"
      }
    }
  }
}